
Microsoft Visual Studio Solution File, Format Version 12.00
# Visual Studio 15
VisualStudioVersion = 15.0.26730.12
MinimumVisualStudioVersion = 10.0.40219.1
Project("{FAE04EC0-301F-11D3-BF4B-00C04F79EFBC}") = "KataBowlingGame", "KataBowlingGame\KataBowlingGame.csproj", "{491B4023-462E-45AD-B0D0-01F87093E976}"
EndProject
Project("{FAE04EC0-301F-11D3-BF4B-00C04F79EFBC}") = "KataBowlingGame.Tests", "KataBowlingGame.Tests\KataBowlingGame.Tests.csproj", "{FD72A1D7-F562-4B02-A8ED-BA6FBC001E3C}"
EndProject
Global
	GlobalSection(SolutionConfigurationPlatforms) = preSolution
		Debug|Any CPU = Debug|Any CPU
		Release|Any CPU = Release|Any CPU
	EndGlobalSection
	GlobalSection(ProjectConfigurationPlatforms) = postSolution
		{491B4023-462E-45AD-B0D0-01F87093E976}.Debug|Any CPU.ActiveCfg = Debug|Any CPU
		{491B4023-462E-45AD-B0D0-01F87093E976}.Debug|Any CPU.Build.0 = Debug|Any CPU
		{491B4023-462E-45AD-B0D0-01F87093E976}.Release|Any CPU.ActiveCfg = Release|Any CPU
		{491B4023-462E-45AD-B0D0-01F87093E976}.Release|Any CPU.Build.0 = Release|Any CPU
		{FD72A1D7-F562-4B02-A8ED-BA6FBC001E3C}.Debug|Any CPU.ActiveCfg = Debug|Any CPU
		{FD72A1D7-F562-4B02-A8ED-BA6FBC001E3C}.Debug|Any CPU.Build.0 = Debug|Any CPU
		{FD72A1D7-F562-4B02-A8ED-BA6FBC001E3C}.Release|Any CPU.ActiveCfg = Release|Any CPU
		{FD72A1D7-F562-4B02-A8ED-BA6FBC001E3C}.Release|Any CPU.Build.0 = Release|Any CPU
	EndGlobalSection
	GlobalSection(SolutionProperties) = preSolution
		HideSolutionNode = FALSE
	EndGlobalSection
	GlobalSection(ExtensibilityGlobals) = postSolution
		SolutionGuid = {39A23A9D-BA28-440C-A380-0B6B23B1F755}
	EndGlobalSection
EndGlobal
